{
  "name": "csssr-react",
  "version": "0.1.0",
  "lockfileVersion": 1,
  "dependencies": {
    "browser-jsonp": {
      "version": "1.1.5",
      "resolved": "https://registry.npmjs.org/browser-jsonp/-/browser-jsonp-1.1.5.tgz",
      "integrity": "sha1-KGPI2TKJl7pBY7wvpLTbZvb3R50="
    },
    "pragma-singleton": {
      "version": "1.0.3",
      "resolved": "https://registry.npmjs.org/pragma-singleton/-/pragma-singleton-1.0.3.tgz",
      "integrity": "sha1-aJQxe7jUcVflneKkoAnbfm9j4w4="
    }
  }
}
